# THIS IS AN AUTOGENERATED FILE. DO NOT EDIT THIS FILE DIRECTLY.
# yarn lockfile v1


lodash@^4.17.10:
  version "4.17.15"
  resolved "https://registry.yarnpkg.com/lodash/-/lodash-4.17.15.tgz#b447f6670a0455bbfeedd11392eff330ea097548"
  integrity sha512-8xOcRHvCjnocdS5cpwXQXVzmmh5e5+saE2QGoeQmbKmRS6J3VQppPOIt0MnmE+4xlZoumy0GPG0D0MVIQbNA1A==

serverless-plugin-aws-alerts@^1.4.0:
  version "1.4.0"
  resolved "https://registry.yarnpkg.com/serverless-plugin-aws-alerts/-/serverless-plugin-aws-alerts-1.4.0.tgz#648b7a733c9d5e97e56fa46540091d81feba738e"
  integrity sha512-4ChkFVVi3X4NeqgdxAhaVha8LnXrH8kadMm5iV1TMyOr/zNdjo9NoRCLnHkspODO4f2uqwlEiMuh9yUrT6s7PA==
  dependencies:
    lodash "^4.17.10"
