# THIS IS AN AUTOGENERATED FILE. DO NOT EDIT THIS FILE DIRECTLY.
# yarn lockfile v1


lodash@^4.17.10:
  version "4.17.19"
  resolved "https://registry.yarnpkg.com/lodash/-/lodash-4.17.19.tgz#e48ddedbe30b3321783c5b4301fbd353bc1e4a4b"
  integrity sha512-JNvd8XER9GQX0v2qJgsaN/mzFCNA5BRe/j8JN9d+tWyGLSodKQHKFicdwNYzWwI3wjRnaKPsGj1XkBjx/F96DQ==

serverless-plugin-aws-alerts@^1.4.0:
  version "1.4.0"
  resolved "https://registry.yarnpkg.com/serverless-plugin-aws-alerts/-/serverless-plugin-aws-alerts-1.4.0.tgz#648b7a733c9d5e97e56fa46540091d81feba738e"
  integrity sha512-4ChkFVVi3X4NeqgdxAhaVha8LnXrH8kadMm5iV1TMyOr/zNdjo9NoRCLnHkspODO4f2uqwlEiMuh9yUrT6s7PA==
  dependencies:
    lodash "^4.17.10"
